
Microsoft Visual Studio Solution File, Format Version 12.00
# Visual Studio Version 17
VisualStudioVersion = 17.11.35222.181
MinimumVisualStudioVersion = 10.0.40219.1
Project("{FAE04EC0-301F-11D3-BF4B-00C04F79EFBC}") = "Multitenant", "Multitenant.csproj", "{24322001-4D55-406E-BEB6-E886181EC7F2}"
EndProject
Project("{FAE04EC0-301F-11D3-BF4B-00C04F79EFBC}") = "Core", "..\Core\Core.csproj", "{FD38A96F-E720-4488-A400-9290A3365205}"
EndProject
Project("{FAE04EC0-301F-11D3-BF4B-00C04F79EFBC}") = "Infrastructure", "..\Infrastructure\Infrastructure.csproj", "{3AA6EF83-279C-4A50-B5FD-02E72E789EF9}"
EndProject
Global
	GlobalSection(SolutionConfigurationPlatforms) = preSolution
		Debug|Any CPU = Debug|Any CPU
		Release|Any CPU = Release|Any CPU
	EndGlobalSection
	GlobalSection(ProjectConfigurationPlatforms) = postSolution
		{24322001-4D55-406E-BEB6-E886181EC7F2}.Debug|Any CPU.ActiveCfg = Debug|Any CPU
		{24322001-4D55-406E-BEB6-E886181EC7F2}.Debug|Any CPU.Build.0 = Debug|Any CPU
		{24322001-4D55-406E-BEB6-E886181EC7F2}.Release|Any CPU.ActiveCfg = Release|Any CPU
		{24322001-4D55-406E-BEB6-E886181EC7F2}.Release|Any CPU.Build.0 = Release|Any CPU
		{FD38A96F-E720-4488-A400-9290A3365205}.Debug|Any CPU.ActiveCfg = Debug|Any CPU
		{FD38A96F-E720-4488-A400-9290A3365205}.Debug|Any CPU.Build.0 = Debug|Any CPU
		{FD38A96F-E720-4488-A400-9290A3365205}.Release|Any CPU.ActiveCfg = Release|Any CPU
		{FD38A96F-E720-4488-A400-9290A3365205}.Release|Any CPU.Build.0 = Release|Any CPU
		{3AA6EF83-279C-4A50-B5FD-02E72E789EF9}.Debug|Any CPU.ActiveCfg = Debug|Any CPU
		{3AA6EF83-279C-4A50-B5FD-02E72E789EF9}.Debug|Any CPU.Build.0 = Debug|Any CPU
		{3AA6EF83-279C-4A50-B5FD-02E72E789EF9}.Release|Any CPU.ActiveCfg = Release|Any CPU
		{3AA6EF83-279C-4A50-B5FD-02E72E789EF9}.Release|Any CPU.Build.0 = Release|Any CPU
	EndGlobalSection
	GlobalSection(SolutionProperties) = preSolution
		HideSolutionNode = FALSE
	EndGlobalSection
	GlobalSection(ExtensibilityGlobals) = postSolution
		SolutionGuid = {42759976-1AA8-44A8-A006-B2FDC074751B}
	EndGlobalSection
EndGlobal
